{
  "name": "emojilib-translate",
  "version": "3.0.5",
  "lockfileVersion": 2,
  "requires": true,
  "packages": {
    "": {
      "name": "emojilib-translate",
      "version": "3.0.5",
      "license": "Apache-2.0",
      "dependencies": {
        "emojilib": "3.0.x",
        "pluralize": "^8.0.0"
      }
    },
    "node_modules/emojilib": {
      "version": "3.0.5",
      "resolved": "https://registry.npmjs.org/emojilib/-/emojilib-3.0.5.tgz",
      "integrity": "sha512-bJu+DlD0r3m8EOMbo+YMFP0O0OPIDSO+5wuaRTFQx9PMMmt2ucnExcP8nRixKemUEZbmasjfYIRYzLo3VnQLxA=="
    },
    "node_modules/pluralize": {
      "version": "8.0.0",
      "resolved": "https://registry.npmjs.org/pluralize/-/pluralize-8.0.0.tgz",
      "integrity": "sha512-Nc3IT5yHzflTfbjgqWcCPpo7DaKy4FnpB0l/zCAW0Tc7jxAiuqSxHasntB3D7887LSrA93kDJ9IXovxJYxyLCA==",
      "engines": {
        "node": ">=4"
      }
    }
  },
  "dependencies": {
    "emojilib": {
      "version": "3.0.5",
      "resolved": "https://registry.npmjs.org/emojilib/-/emojilib-3.0.5.tgz",
      "integrity": "sha512-bJu+DlD0r3m8EOMbo+YMFP0O0OPIDSO+5wuaRTFQx9PMMmt2ucnExcP8nRixKemUEZbmasjfYIRYzLo3VnQLxA=="
    },
    "pluralize": {
      "version": "8.0.0",
      "resolved": "https://registry.npmjs.org/pluralize/-/pluralize-8.0.0.tgz",
      "integrity": "sha512-Nc3IT5yHzflTfbjgqWcCPpo7DaKy4FnpB0l/zCAW0Tc7jxAiuqSxHasntB3D7887LSrA93kDJ9IXovxJYxyLCA=="
    }
  }
}
